
Microsoft Visual Studio Solution File, Format Version 12.00
# Visual Studio Version 17
VisualStudioVersion = 17.3.32819.101
MinimumVisualStudioVersion = 10.0.40219.1
Project("{FAE04EC0-301F-11D3-BF4B-00C04F79EFBC}") = "MethodPractice_Tickets", "MethodPractice_Tickets.csproj", "{FFA6010B-1580-43E3-BBD6-994754482AD9}"
EndProject
Global
	GlobalSection(SolutionConfigurationPlatforms) = preSolution
		Debug|Any CPU = Debug|Any CPU
		Release|Any CPU = Release|Any CPU
	EndGlobalSection
	GlobalSection(ProjectConfigurationPlatforms) = postSolution
		{FFA6010B-1580-43E3-BBD6-994754482AD9}.Debug|Any CPU.ActiveCfg = Debug|Any CPU
		{FFA6010B-1580-43E3-BBD6-994754482AD9}.Debug|Any CPU.Build.0 = Debug|Any CPU
		{FFA6010B-1580-43E3-BBD6-994754482AD9}.Release|Any CPU.ActiveCfg = Release|Any CPU
		{FFA6010B-1580-43E3-BBD6-994754482AD9}.Release|Any CPU.Build.0 = Release|Any CPU
	EndGlobalSection
	GlobalSection(SolutionProperties) = preSolution
		HideSolutionNode = FALSE
	EndGlobalSection
	GlobalSection(ExtensibilityGlobals) = postSolution
		SolutionGuid = {6CB4D87C-374A-4C63-B8F6-7412529A239A}
	EndGlobalSection
EndGlobal
